{
  "version": 4,
  "terraform_version": "1.10.5",
  "serial": 15,
  "lineage": "c63ef582-4c1b-2f13-3d88-d44955a2b1b2",
  "outputs": {},
  "resources": [
    {
      "mode": "managed",
      "type": "docker_image",
      "name": "my_app",
      "provider": "provider[\"registry.terraform.io/kreuzwerker/docker\"]",
      "instances": [
        {
          "schema_version": 0,
          "attributes": {
            "build": [],
            "force_remove": null,
            "id": "sha256:a1c34d9550440e2aec24e0970de5a246a41442aa1de26b82bad50cf0a5af5833my-nginx-image:latest",
            "image_id": "sha256:a1c34d9550440e2aec24e0970de5a246a41442aa1de26b82bad50cf0a5af5833",
            "keep_locally": null,
            "name": "my-nginx-image:latest",
            "platform": null,
            "pull_triggers": null,
            "repo_digest": "my-nginx-image@sha256:a1c34d9550440e2aec24e0970de5a246a41442aa1de26b82bad50cf0a5af5833",
            "triggers": null
          },
          "sensitive_attributes": [],
          "private": "bnVsbA==",
          "dependencies": [
            "null_resource.execute_script"
          ]
        }
      ]
    },
    {
      "mode": "managed",
      "type": "null_resource",
      "name": "execute_script",
      "provider": "provider[\"registry.terraform.io/hashicorp/null\"]",
      "instances": [
        {
          "schema_version": 0,
          "attributes": {
            "id": "8519412457459586748",
            "triggers": null
          },
          "sensitive_attributes": []
        }
      ]
    }
  ],
  "check_results": null
}
